
Microsoft Visual Studio Solution File, Format Version 12.00
# Visual Studio Version 17
VisualStudioVersion = 17.14.36408.4 d17.14
MinimumVisualStudioVersion = 10.0.40219.1
Project("{FAE04EC0-301F-11D3-BF4B-00C04F79EFBC}") = "BEE1000", "BEE1000.csproj", "{A11DC039-4D45-4C75-A829-88F89F89E374}"
EndProject
Global
	GlobalSection(SolutionConfigurationPlatforms) = preSolution
		Debug|Any CPU = Debug|Any CPU
		Release|Any CPU = Release|Any CPU
	EndGlobalSection
	GlobalSection(ProjectConfigurationPlatforms) = postSolution
		{A11DC039-4D45-4C75-A829-88F89F89E374}.Debug|Any CPU.ActiveCfg = Debug|Any CPU
		{A11DC039-4D45-4C75-A829-88F89F89E374}.Debug|Any CPU.Build.0 = Debug|Any CPU
		{A11DC039-4D45-4C75-A829-88F89F89E374}.Release|Any CPU.ActiveCfg = Release|Any CPU
		{A11DC039-4D45-4C75-A829-88F89F89E374}.Release|Any CPU.Build.0 = Release|Any CPU
	EndGlobalSection
	GlobalSection(SolutionProperties) = preSolution
		HideSolutionNode = FALSE
	EndGlobalSection
	GlobalSection(ExtensibilityGlobals) = postSolution
		SolutionGuid = {11252446-31CF-439F-A492-CB746591C075}
	EndGlobalSection
EndGlobal
